{
  "name": "opaque-wasm-test",
  "version": "1.0.0",
  "lockfileVersion": 3,
  "requires": true,
  "packages": {
    "": {
      "name": "opaque-wasm-test",
      "version": "1.0.0",
      "license": "ISC",
      "dependencies": {
        "opaque-wasm": "file:../pkg"
      }
    },
    "../pkg": {
      "name": "opaque-wasm",
      "version": "3.0.0"
    },
    "node_modules/opaque-wasm": {
      "resolved": "../pkg",
      "link": true
    }
  }
}
